# @generated by Move, please check-in and do not edit manually.

[move]
version = 3
manifest_digest = "005EB4271C7E74EF156C4D7F309AF6848071DF520000EB718671680E6BF626E6"
deps_digest = "F8BBB0CCB2491CA29A3DF03D6F92277A4F3574266507ACD77214D37ECA3F3082"
dependencies = [
  { id = "One", name = "One" },
]

[[move.package]]
id = "MoveStdlib"
source = { git = "https://github.com/one-chain-labs/onechain.git", rev = "main", subdir = "crates/sui-framework/packages/move-stdlib" }

[[move.package]]
id = "One"
source = { git = "https://github.com/one-chain-labs/onechain.git", rev = "main", subdir = "crates/sui-framework/packages/one-framework" }

dependencies = [
  { id = "MoveStdlib", name = "MoveStdlib" },
]

[move.toolchain-version]
compiler-version = "1.1.1"
edition = "2024.beta"
flavor = "one"

[env]

[env.testnet]
chain-id = "1bd5c965"
original-published-id = "0x877c71292a91f4ab41f7e767ba2f653cf76fb31f291d851f3b975f7edfdcb7c9"
latest-published-id = "0x877c71292a91f4ab41f7e767ba2f653cf76fb31f291d851f3b975f7edfdcb7c9"
published-version = "1"
